
Microsoft Visual Studio Solution File, Format Version 12.00
# Visual Studio Version 16
VisualStudioVersion = 16.0.28803.452
MinimumVisualStudioVersion = 10.0.40219.1
Project("{FAE04EC0-301F-11D3-BF4B-00C04F79EFBC}") = "JottyToDo.BL", "JottyToDo.BL\JottyToDo.BL.csproj", "{F8EAE085-61DC-4A57-ABD2-4EF1BABE5B6E}"
EndProject
Project("{FAE04EC0-301F-11D3-BF4B-00C04F79EFBC}") = "JottyToDo.WPF", "JottyToDo.WPF\JottyToDo.WPF.csproj", "{3C8AB72E-A99E-451A-87D3-20E1797CA075}"
EndProject
Global
	GlobalSection(SolutionConfigurationPlatforms) = preSolution
		Debug|Any CPU = Debug|Any CPU
		Release|Any CPU = Release|Any CPU
	EndGlobalSection
	GlobalSection(ProjectConfigurationPlatforms) = postSolution
		{F8EAE085-61DC-4A57-ABD2-4EF1BABE5B6E}.Debug|Any CPU.ActiveCfg = Debug|Any CPU
		{F8EAE085-61DC-4A57-ABD2-4EF1BABE5B6E}.Debug|Any CPU.Build.0 = Debug|Any CPU
		{F8EAE085-61DC-4A57-ABD2-4EF1BABE5B6E}.Release|Any CPU.ActiveCfg = Release|Any CPU
		{F8EAE085-61DC-4A57-ABD2-4EF1BABE5B6E}.Release|Any CPU.Build.0 = Release|Any CPU
		{3C8AB72E-A99E-451A-87D3-20E1797CA075}.Debug|Any CPU.ActiveCfg = Debug|Any CPU
		{3C8AB72E-A99E-451A-87D3-20E1797CA075}.Debug|Any CPU.Build.0 = Debug|Any CPU
		{3C8AB72E-A99E-451A-87D3-20E1797CA075}.Release|Any CPU.ActiveCfg = Release|Any CPU
		{3C8AB72E-A99E-451A-87D3-20E1797CA075}.Release|Any CPU.Build.0 = Release|Any CPU
	EndGlobalSection
	GlobalSection(SolutionProperties) = preSolution
		HideSolutionNode = FALSE
	EndGlobalSection
	GlobalSection(ExtensibilityGlobals) = postSolution
		SolutionGuid = {BE7920A5-2D41-4290-A585-05ECC66C701F}
	EndGlobalSection
EndGlobal
